PODS:
  - AdColony (4.1.2)
  - AppLovinSDK (6.12.8)
  - fairbid_flutter (0.0.1):
    - FairBidSDK (~> 3.3.0)
    - Flutter
  - FairBidSDK (3.3.0)
  - FBAudienceNetwork (5.9.0):
    - FBSDKCoreKit/Basics (>= 5.6.0)
  - FBSDKCoreKit/Basics (7.1.1)
  - Flutter (1.0.0)
  - MintegralAdSDK (6.1.0.0):
    - MintegralAdSDK/NativeAd (= 6.1.0.0)
  - MintegralAdSDK/BidInterstitialVideoAd (6.1.0.0):
    - MintegralAdSDK/BidNativeAd
  - MintegralAdSDK/BidNativeAd (6.1.0.0)
  - MintegralAdSDK/InterstitialVideoAd (6.1.0.0):
    - MintegralAdSDK/NativeAd
  - MintegralAdSDK/NativeAd (6.1.0.0)
  - MintegralAdSDK/RewardVideoAd (6.1.0.0):
    - MintegralAdSDK/NativeAd
  - UnityAds (3.4.2)
  - Verizon-Ads-Core (2.0.0)
  - Verizon-Ads-InlinePlacement (1.3.0)
  - Verizon-Ads-InlineWebAdapter (1.3.0)
  - Verizon-Ads-InterstitialPlacement (1.3.0)
  - Verizon-Ads-InterstitialVASTAdapter (1.3.0)
  - Verizon-Ads-InterstitialWebAdapter (1.3.0)
  - Verizon-Ads-NativePlacement (1.7.0)
  - Verizon-Ads-NativeVerizonNativeAdapter (2.5.0)
  - Verizon-Ads-OMSDK (1.5.0)
  - Verizon-Ads-StandardEdition (1.5.0):
    - Verizon-Ads-Core (= 2.0.0)
    - Verizon-Ads-InlinePlacement (= 1.3.0)
    - Verizon-Ads-InlineWebAdapter (= 1.3.0)
    - Verizon-Ads-InterstitialPlacement (= 1.3.0)
    - Verizon-Ads-InterstitialVASTAdapter (= 1.3.0)
    - Verizon-Ads-InterstitialWebAdapter (= 1.3.0)
    - Verizon-Ads-NativePlacement (= 1.7.0)
    - Verizon-Ads-NativeVerizonNativeAdapter (= 2.5.0)
    - Verizon-Ads-OMSDK (= 1.5.0)
    - Verizon-Ads-Support (= 1.6.0)
    - Verizon-Ads-URIExperience (= 2.3.0)
    - Verizon-Ads-VASTController (= 1.3.0)
    - Verizon-Ads-VerizonNativeController (= 2.5.0)
    - Verizon-Ads-VideoPlayer (= 1.4.0)
    - Verizon-Ads-WebController (= 1.2.0)
    - Verizon-Ads-WebView (= 1.3.0)
  - Verizon-Ads-Support (1.6.0)
  - Verizon-Ads-URIExperience (2.3.0)
  - Verizon-Ads-VASTController (1.3.0)
  - Verizon-Ads-VerizonNativeController (2.5.0)
  - Verizon-Ads-VideoPlayer (1.4.0)
  - Verizon-Ads-WebController (1.2.0)
  - Verizon-Ads-WebView (1.3.0)
  - VungleSDK-iOS (6.5.2)

DEPENDENCIES:
  - AdColony (= 4.1.2)
  - AppLovinSDK (= 6.12.8)
  - fairbid_flutter (from `.symlinks/plugins/fairbid_flutter/ios`)
  - FBAudienceNetwork (= 5.9.0)
  - Flutter (from `Flutter`)
  - MintegralAdSDK (= 6.1.0.0)
  - MintegralAdSDK/BidInterstitialVideoAd (= 6.1.0.0)
  - MintegralAdSDK/InterstitialVideoAd (= 6.1.0.0)
  - MintegralAdSDK/RewardVideoAd (= 6.1.0.0)
  - UnityAds (= 3.4.2)
  - Verizon-Ads-StandardEdition (= 1.5.0)
  - VungleSDK-iOS (= 6.5.2)

SPEC REPOS:
  trunk:
    - AdColony
    - AppLovinSDK
    - FairBidSDK
    - FBAudienceNetwork
    - FBSDKCoreKit
    - MintegralAdSDK
    - UnityAds
    - Verizon-Ads-Core
    - Verizon-Ads-InlinePlacement
    - Verizon-Ads-InlineWebAdapter
    - Verizon-Ads-InterstitialPlacement
    - Verizon-Ads-InterstitialVASTAdapter
    - Verizon-Ads-InterstitialWebAdapter
    - Verizon-Ads-NativePlacement
    - Verizon-Ads-NativeVerizonNativeAdapter
    - Verizon-Ads-OMSDK
    - Verizon-Ads-StandardEdition
    - Verizon-Ads-Support
    - Verizon-Ads-URIExperience
    - Verizon-Ads-VASTController
    - Verizon-Ads-VerizonNativeController
    - Verizon-Ads-VideoPlayer
    - Verizon-Ads-WebController
    - Verizon-Ads-WebView
    - VungleSDK-iOS

EXTERNAL SOURCES:
  fairbid_flutter:
    :path: ".symlinks/plugins/fairbid_flutter/ios"
  Flutter:
    :path: Flutter

SPEC CHECKSUMS:
  AdColony: 0a1e13349ce430ce29374c665611013fd78f792c
  AppLovinSDK: 0699feee7a8a3e55dc3a52e07d1b51cae0d27d56
  fairbid_flutter: 906c01dd53641e8b8c0c128de63a8caf6b2a9ef3
  FairBidSDK: c1e73be6af7915623f6d7c6f14690e657f1d54ba
  FBAudienceNetwork: 648648b13d8ea3d39676542dece2b04dbe867497
  FBSDKCoreKit: b46507dc8b8cefed31d644e74d7cc30e2a715ef8
  Flutter: 0e3d915762c693b495b44d77113d4970485de6ec
  MintegralAdSDK: 086873cf6af58a7cec10fd1446ba41f5f55c6c11
  UnityAds: db0da29fa3a7e519bceea56693909df0dd83caa5
  Verizon-Ads-Core: 4c30b7ada9a97e79e398f419b6d60159a8adab41
  Verizon-Ads-InlinePlacement: 6f1c64b3cc7a2ed0b22a12807f62abd61f6616a6
  Verizon-Ads-InlineWebAdapter: 1ec27a817365fc0d535791b4702b44f527ce89c0
  Verizon-Ads-InterstitialPlacement: 402397498d2654275f58e7f472b3f60c9e19b3ae
  Verizon-Ads-InterstitialVASTAdapter: eddffbb5c32ef522ed90264ebb2b7902272953da
  Verizon-Ads-InterstitialWebAdapter: 71ef3f328266f01ec379054f1ebc406816e4e40b
  Verizon-Ads-NativePlacement: 57b2dd0db63c510f05b35ec79bc8eae706079420
  Verizon-Ads-NativeVerizonNativeAdapter: e3956f72433077d1df1283753f1ad28ae21b824c
  Verizon-Ads-OMSDK: 77a08d9a8f3fd649a1531ca2320cb8b8e94cb63d
  Verizon-Ads-StandardEdition: 8fcf4bc3ad7ac6d6acb8e38dc19f3805856d5c6d
  Verizon-Ads-Support: 5566ed1680619b2508bf106ae8a743349c7ee318
  Verizon-Ads-URIExperience: cfad297d344bdb337208e57cb2b9097775a3e702
  Verizon-Ads-VASTController: 8503ec29b91053081a6644b4c9c832054b830e52
  Verizon-Ads-VerizonNativeController: eb814feea055406aa9f822e4f04876043ade0908
  Verizon-Ads-VideoPlayer: ef7de905e9972367cc710047a282dbf7e4c04cdd
  Verizon-Ads-WebController: da4fa161e61974f8a9f7e159381d518b84086588
  Verizon-Ads-WebView: ed2cbe419bc41377c67c4a937d0573fbe5db6e4b
  VungleSDK-iOS: b39f80d93c342cb07f9d83ab1105817ddcb61b72

PODFILE CHECKSUM: 47a8dbb06b9608995a1f1b70c9301d4cca45a47c

COCOAPODS: 1.8.4
